
Microsoft Visual Studio Solution File, Format Version 12.00
# Visual Studio Version 17
VisualStudioVersion = 17.8.34330.188
MinimumVisualStudioVersion = 10.0.40219.1
Project("{2150E333-8FDC-42A3-9474-1A3956D46DE8}") = "Microservices", "Microservices", "{3A49C666-80F0-4C73-96A6-9843E6CD0792}"
EndProject
Project("{2150E333-8FDC-42A3-9474-1A3956D46DE8}") = "Apps", "Apps", "{DF2B738A-7BD8-43CE-96C9-66936B0FC645}"
EndProject
Project("{2150E333-8FDC-42A3-9474-1A3956D46DE8}") = "Tools", "Tools", "{C280772E-A576-4AD7-9B6D-C7E5A90C5FE8}"
EndProject
Project("{2150E333-8FDC-42A3-9474-1A3956D46DE8}") = "User", "User", "{C16A85D9-2CB6-4F61-B4E6-AA041BBA5041}"
EndProject
Project("{9A19103F-16F7-4668-BE54-9A1E7A4F7556}") = "User.Domain", "Microservices\User\User.Domain\User.Domain.csproj", "{68055461-9F0A-44A1-BACF-7B657325F4D4}"
EndProject
Project("{9A19103F-16F7-4668-BE54-9A1E7A4F7556}") = "Dapper.Lib", "Tools\Dapper.Lib\Dapper.Lib.csproj", "{2870ADD3-0B72-4162-BC00-B80880F4D7AA}"
EndProject
Project("{2150E333-8FDC-42A3-9474-1A3956D46DE8}") = "PdfGenerator.Internal", "PdfGenerator.Internal", "{FD76516F-B4BE-4CE2-B5FA-2434495DE402}"
EndProject
Project("{9A19103F-16F7-4668-BE54-9A1E7A4F7556}") = "PdfGenerator.Internal.API", "Apps\PdfGenerator.Internal\PdfGenerator.Internal.API\PdfGenerator.Internal.API.csproj", "{5F0C3F7E-9415-45A6-9FDA-8DF2F392FD66}"
EndProject
Project("{2150E333-8FDC-42A3-9474-1A3956D46DE8}") = "PdfGenerator.Client", "PdfGenerator.Client", "{DAEB4016-B4D6-4775-8411-F4BC8A433DAC}"
EndProject
Project("{9A19103F-16F7-4668-BE54-9A1E7A4F7556}") = "PdfGenerator.Client.Application", "Apps\PdfGenerator.Client\PdfGenerator.Client.Application\PdfGenerator.Client.Application.csproj", "{9D3D5C11-9CD1-4DBB-8D9A-D01E67FE9DA7}"
EndProject
Project("{9A19103F-16F7-4668-BE54-9A1E7A4F7556}") = "PdfGenerator.Client.Web", "Apps\PdfGenerator.Client\PdfGenerator.Client.Web\PdfGenerator.Client.Web.csproj", "{B17FC92C-13E2-4CC4-823D-B853D9493230}"
EndProject
Project("{2150E333-8FDC-42A3-9474-1A3956D46DE8}") = "PdfGenerator.External", "PdfGenerator.External", "{6982AD62-1F9F-43C7-A464-C2F1C5207E56}"
EndProject
Project("{9A19103F-16F7-4668-BE54-9A1E7A4F7556}") = "PdfGenerator.External.Application", "Apps\PdfGenerator.External\PdfGenerator.External.Application\PdfGenerator.External.Application.csproj", "{A2D05178-6B5C-4A4D-BEE8-03694B86AAAA}"
EndProject
Project("{9A19103F-16F7-4668-BE54-9A1E7A4F7556}") = "Common.Lib", "Tools\Common.Lib\Common.Lib.csproj", "{E97ED9AE-3DD2-4669-AA7A-A2704C0626E8}"
EndProject
Project("{9A19103F-16F7-4668-BE54-9A1E7A4F7556}") = "User.Domain.Tests", "Microservices\User\User.Domain.Tests\User.Domain.Tests.csproj", "{14109834-484D-4BE3-8F53-F688A3373173}"
EndProject
Project("{2150E333-8FDC-42A3-9474-1A3956D46DE8}") = "Code", "Code", "{C51F52BD-7D50-45D8-AC52-9EF6D391F7C2}"
EndProject
Project("{FAE04EC0-301F-11D3-BF4B-00C04F79EFBC}") = "Code.Domain", "Microservices\Code\Code.Domain\Code.Domain.csproj", "{EB271A57-B233-4EBF-AF88-3146934CC0C4}"
EndProject
Global
	GlobalSection(SolutionConfigurationPlatforms) = preSolution
		Debug|Any CPU = Debug|Any CPU
		Release|Any CPU = Release|Any CPU
	EndGlobalSection
	GlobalSection(ProjectConfigurationPlatforms) = postSolution
		{68055461-9F0A-44A1-BACF-7B657325F4D4}.Debug|Any CPU.ActiveCfg = Debug|Any CPU
		{68055461-9F0A-44A1-BACF-7B657325F4D4}.Debug|Any CPU.Build.0 = Debug|Any CPU
		{68055461-9F0A-44A1-BACF-7B657325F4D4}.Release|Any CPU.ActiveCfg = Release|Any CPU
		{68055461-9F0A-44A1-BACF-7B657325F4D4}.Release|Any CPU.Build.0 = Release|Any CPU
		{2870ADD3-0B72-4162-BC00-B80880F4D7AA}.Debug|Any CPU.ActiveCfg = Debug|Any CPU
		{2870ADD3-0B72-4162-BC00-B80880F4D7AA}.Debug|Any CPU.Build.0 = Debug|Any CPU
		{2870ADD3-0B72-4162-BC00-B80880F4D7AA}.Release|Any CPU.ActiveCfg = Release|Any CPU
		{2870ADD3-0B72-4162-BC00-B80880F4D7AA}.Release|Any CPU.Build.0 = Release|Any CPU
		{5F0C3F7E-9415-45A6-9FDA-8DF2F392FD66}.Debug|Any CPU.ActiveCfg = Debug|Any CPU
		{5F0C3F7E-9415-45A6-9FDA-8DF2F392FD66}.Debug|Any CPU.Build.0 = Debug|Any CPU
		{5F0C3F7E-9415-45A6-9FDA-8DF2F392FD66}.Release|Any CPU.ActiveCfg = Release|Any CPU
		{5F0C3F7E-9415-45A6-9FDA-8DF2F392FD66}.Release|Any CPU.Build.0 = Release|Any CPU
		{9D3D5C11-9CD1-4DBB-8D9A-D01E67FE9DA7}.Debug|Any CPU.ActiveCfg = Debug|Any CPU
		{9D3D5C11-9CD1-4DBB-8D9A-D01E67FE9DA7}.Debug|Any CPU.Build.0 = Debug|Any CPU
		{9D3D5C11-9CD1-4DBB-8D9A-D01E67FE9DA7}.Release|Any CPU.ActiveCfg = Release|Any CPU
		{9D3D5C11-9CD1-4DBB-8D9A-D01E67FE9DA7}.Release|Any CPU.Build.0 = Release|Any CPU
		{B17FC92C-13E2-4CC4-823D-B853D9493230}.Debug|Any CPU.ActiveCfg = Debug|Any CPU
		{B17FC92C-13E2-4CC4-823D-B853D9493230}.Debug|Any CPU.Build.0 = Debug|Any CPU
		{B17FC92C-13E2-4CC4-823D-B853D9493230}.Release|Any CPU.ActiveCfg = Release|Any CPU
		{B17FC92C-13E2-4CC4-823D-B853D9493230}.Release|Any CPU.Build.0 = Release|Any CPU
		{A2D05178-6B5C-4A4D-BEE8-03694B86AAAA}.Debug|Any CPU.ActiveCfg = Debug|Any CPU
		{A2D05178-6B5C-4A4D-BEE8-03694B86AAAA}.Debug|Any CPU.Build.0 = Debug|Any CPU
		{A2D05178-6B5C-4A4D-BEE8-03694B86AAAA}.Release|Any CPU.ActiveCfg = Release|Any CPU
		{A2D05178-6B5C-4A4D-BEE8-03694B86AAAA}.Release|Any CPU.Build.0 = Release|Any CPU
		{E97ED9AE-3DD2-4669-AA7A-A2704C0626E8}.Debug|Any CPU.ActiveCfg = Debug|Any CPU
		{E97ED9AE-3DD2-4669-AA7A-A2704C0626E8}.Debug|Any CPU.Build.0 = Debug|Any CPU
		{E97ED9AE-3DD2-4669-AA7A-A2704C0626E8}.Release|Any CPU.ActiveCfg = Release|Any CPU
		{E97ED9AE-3DD2-4669-AA7A-A2704C0626E8}.Release|Any CPU.Build.0 = Release|Any CPU
		{14109834-484D-4BE3-8F53-F688A3373173}.Debug|Any CPU.ActiveCfg = Debug|Any CPU
		{14109834-484D-4BE3-8F53-F688A3373173}.Debug|Any CPU.Build.0 = Debug|Any CPU
		{14109834-484D-4BE3-8F53-F688A3373173}.Release|Any CPU.ActiveCfg = Release|Any CPU
		{14109834-484D-4BE3-8F53-F688A3373173}.Release|Any CPU.Build.0 = Release|Any CPU
		{EB271A57-B233-4EBF-AF88-3146934CC0C4}.Debug|Any CPU.ActiveCfg = Debug|Any CPU
		{EB271A57-B233-4EBF-AF88-3146934CC0C4}.Debug|Any CPU.Build.0 = Debug|Any CPU
		{EB271A57-B233-4EBF-AF88-3146934CC0C4}.Release|Any CPU.ActiveCfg = Release|Any CPU
		{EB271A57-B233-4EBF-AF88-3146934CC0C4}.Release|Any CPU.Build.0 = Release|Any CPU
	EndGlobalSection
	GlobalSection(SolutionProperties) = preSolution
		HideSolutionNode = FALSE
	EndGlobalSection
	GlobalSection(NestedProjects) = preSolution
		{C16A85D9-2CB6-4F61-B4E6-AA041BBA5041} = {3A49C666-80F0-4C73-96A6-9843E6CD0792}
		{68055461-9F0A-44A1-BACF-7B657325F4D4} = {C16A85D9-2CB6-4F61-B4E6-AA041BBA5041}
		{2870ADD3-0B72-4162-BC00-B80880F4D7AA} = {C280772E-A576-4AD7-9B6D-C7E5A90C5FE8}
		{FD76516F-B4BE-4CE2-B5FA-2434495DE402} = {DF2B738A-7BD8-43CE-96C9-66936B0FC645}
		{5F0C3F7E-9415-45A6-9FDA-8DF2F392FD66} = {FD76516F-B4BE-4CE2-B5FA-2434495DE402}
		{DAEB4016-B4D6-4775-8411-F4BC8A433DAC} = {DF2B738A-7BD8-43CE-96C9-66936B0FC645}
		{9D3D5C11-9CD1-4DBB-8D9A-D01E67FE9DA7} = {DAEB4016-B4D6-4775-8411-F4BC8A433DAC}
		{B17FC92C-13E2-4CC4-823D-B853D9493230} = {DAEB4016-B4D6-4775-8411-F4BC8A433DAC}
		{6982AD62-1F9F-43C7-A464-C2F1C5207E56} = {DF2B738A-7BD8-43CE-96C9-66936B0FC645}
		{A2D05178-6B5C-4A4D-BEE8-03694B86AAAA} = {6982AD62-1F9F-43C7-A464-C2F1C5207E56}
		{E97ED9AE-3DD2-4669-AA7A-A2704C0626E8} = {C280772E-A576-4AD7-9B6D-C7E5A90C5FE8}
		{14109834-484D-4BE3-8F53-F688A3373173} = {C16A85D9-2CB6-4F61-B4E6-AA041BBA5041}
		{C51F52BD-7D50-45D8-AC52-9EF6D391F7C2} = {3A49C666-80F0-4C73-96A6-9843E6CD0792}
		{EB271A57-B233-4EBF-AF88-3146934CC0C4} = {C51F52BD-7D50-45D8-AC52-9EF6D391F7C2}
	EndGlobalSection
	GlobalSection(ExtensibilityGlobals) = postSolution
		SolutionGuid = {311A46E2-E8EF-4DF1-BE5D-84959E07981C}
	EndGlobalSection
EndGlobal
