
Microsoft Visual Studio Solution File, Format Version 12.00
# Visual Studio Version 17
VisualStudioVersion = 17.8.34330.188
MinimumVisualStudioVersion = 10.0.40219.1
Project("{2150E333-8FDC-42A3-9474-1A3956D46DE8}") = "Microservices", "Microservices", "{3A49C666-80F0-4C73-96A6-9843E6CD0792}"
EndProject
Project("{2150E333-8FDC-42A3-9474-1A3956D46DE8}") = "Template", "Template", "{F50105F6-CE0E-42E8-B7F3-C96917147AC9}"
EndProject
Project("{2150E333-8FDC-42A3-9474-1A3956D46DE8}") = "Html", "Html", "{3FBC024C-5767-4A6B-909C-B53C3295E4F8}"
EndProject
Project("{2150E333-8FDC-42A3-9474-1A3956D46DE8}") = "PdfFile", "PdfFile", "{96070582-E414-453E-84E4-9E5FBC8794D8}"
EndProject
Project("{2150E333-8FDC-42A3-9474-1A3956D46DE8}") = "Data", "Data", "{7509A806-9C92-48E1-9EA3-2386B07FEAE6}"
EndProject
Project("{2150E333-8FDC-42A3-9474-1A3956D46DE8}") = "Request", "Request", "{D0C9B6B3-40A5-4E4A-9682-757C3C6AD664}"
EndProject
Project("{2150E333-8FDC-42A3-9474-1A3956D46DE8}") = "Apps", "Apps", "{DF2B738A-7BD8-43CE-96C9-66936B0FC645}"
EndProject
Project("{2150E333-8FDC-42A3-9474-1A3956D46DE8}") = "Tools", "Tools", "{C280772E-A576-4AD7-9B6D-C7E5A90C5FE8}"
EndProject
Project("{2150E333-8FDC-42A3-9474-1A3956D46DE8}") = "User", "User", "{C16A85D9-2CB6-4F61-B4E6-AA041BBA5041}"
EndProject
Project("{9A19103F-16F7-4668-BE54-9A1E7A4F7556}") = "Data.Domain", "Microservices\Data\Data.Domain\Data.Domain.csproj", "{102EF27C-1DBD-43FA-A603-2D7781BDC2F2}"
EndProject
Project("{9A19103F-16F7-4668-BE54-9A1E7A4F7556}") = "Html.Domain", "Microservices\Html\Html.Domain\Html.Domain.csproj", "{24F6FC4C-FE38-4FFE-9B96-EC8D1B28B7EC}"
EndProject
Project("{9A19103F-16F7-4668-BE54-9A1E7A4F7556}") = "PdfFile.Application", "Microservices\PdfFile\PdfFile.Application\PdfFile.Application.csproj", "{FC53779C-3E09-4ADC-8B13-ADAAC5CECC92}"
EndProject
Project("{9A19103F-16F7-4668-BE54-9A1E7A4F7556}") = "PdfFile.Domain", "Microservices\PdfFile\PdfFile.Domain\PdfFile.Domain.csproj", "{219ADAB6-CD3A-4ABA-B92E-F9C42076237F}"
EndProject
Project("{9A19103F-16F7-4668-BE54-9A1E7A4F7556}") = "PdfFile.Infrastracture", "Microservices\PdfFile\PdfFile.Infrastracture\PdfFile.Infrastracture.csproj", "{6799C4C0-01AE-4509-BB80-10FC420648A6}"
EndProject
Project("{9A19103F-16F7-4668-BE54-9A1E7A4F7556}") = "Request.Application", "Microservices\Request\Request.Application\Request.Application.csproj", "{9687C6E5-E33B-4BAD-A7B5-1136697AAC59}"
EndProject
Project("{9A19103F-16F7-4668-BE54-9A1E7A4F7556}") = "Request.Domain", "Microservices\Request\Request.Domain\Request.Domain.csproj", "{00DF9F80-17DD-4604-9BA8-45DDE374DA4B}"
EndProject
Project("{9A19103F-16F7-4668-BE54-9A1E7A4F7556}") = "Request.Infrastracture", "Microservices\Request\Request.Infrastracture\Request.Infrastracture.csproj", "{96A43CC9-EC0E-4D8D-B738-0B96AA9823BF}"
EndProject
Project("{9A19103F-16F7-4668-BE54-9A1E7A4F7556}") = "Template.Domain", "Microservices\Template\Template.Domain\Template.Domain.csproj", "{DAC7CD24-DE55-433C-A409-5B71285A2566}"
EndProject
Project("{9A19103F-16F7-4668-BE54-9A1E7A4F7556}") = "Template.Infrastracture", "Microservices\Template\Template.Infrastracture\Template.Infrastracture.csproj", "{236401DD-BCFD-41F7-B6A6-31D1ED056CF1}"
EndProject
Project("{9A19103F-16F7-4668-BE54-9A1E7A4F7556}") = "Template.Infrastracture.Tests", "Microservices\Template\Template.Infrastracture.Tests\Template.Infrastracture.Tests.csproj", "{4551A5C7-D3AC-4A47-A902-EB0471D7E56A}"
EndProject
Project("{9A19103F-16F7-4668-BE54-9A1E7A4F7556}") = "Template.Application", "Microservices\Template\Template.Application\Template.Application.csproj", "{80095A91-A357-472C-9A3E-465E07C548AF}"
EndProject
Project("{9A19103F-16F7-4668-BE54-9A1E7A4F7556}") = "User.Domain", "Microservices\User\User.Domain\User.Domain.csproj", "{68055461-9F0A-44A1-BACF-7B657325F4D4}"
EndProject
Project("{9A19103F-16F7-4668-BE54-9A1E7A4F7556}") = "Dapper.Lib", "Tools\Dapper.Lib\Dapper.Lib.csproj", "{2870ADD3-0B72-4162-BC00-B80880F4D7AA}"
EndProject
Project("{2150E333-8FDC-42A3-9474-1A3956D46DE8}") = "PdfGenerator.Internal", "PdfGenerator.Internal", "{FD76516F-B4BE-4CE2-B5FA-2434495DE402}"
EndProject
Project("{9A19103F-16F7-4668-BE54-9A1E7A4F7556}") = "PdfGenerator.Internal.API", "Apps\PdfGenerator.Internal\PdfGenerator.Internal.API\PdfGenerator.Internal.API.csproj", "{5F0C3F7E-9415-45A6-9FDA-8DF2F392FD66}"
EndProject
Project("{2150E333-8FDC-42A3-9474-1A3956D46DE8}") = "PdfGenerator.Client", "PdfGenerator.Client", "{DAEB4016-B4D6-4775-8411-F4BC8A433DAC}"
EndProject
Project("{9A19103F-16F7-4668-BE54-9A1E7A4F7556}") = "PdfGenerator.Client.Application", "Apps\PdfGenerator.Client\PdfGenerator.Client.Application\PdfGenerator.Client.Application.csproj", "{9D3D5C11-9CD1-4DBB-8D9A-D01E67FE9DA7}"
EndProject
Project("{9A19103F-16F7-4668-BE54-9A1E7A4F7556}") = "PdfGenerator.Client.Web", "Apps\PdfGenerator.Client\PdfGenerator.Client.Web\PdfGenerator.Client.Web.csproj", "{B17FC92C-13E2-4CC4-823D-B853D9493230}"
EndProject
Project("{2150E333-8FDC-42A3-9474-1A3956D46DE8}") = "PdfGenerator.External", "PdfGenerator.External", "{6982AD62-1F9F-43C7-A464-C2F1C5207E56}"
EndProject
Project("{FAE04EC0-301F-11D3-BF4B-00C04F79EFBC}") = "PdfGenerator.External.Application", "Apps\PdfGenerator.External\PdfGenerator.External.Application\PdfGenerator.External.Application.csproj", "{A2D05178-6B5C-4A4D-BEE8-03694B86AAAA}"
EndProject
Global
	GlobalSection(SolutionConfigurationPlatforms) = preSolution
		Debug|Any CPU = Debug|Any CPU
		Release|Any CPU = Release|Any CPU
	EndGlobalSection
	GlobalSection(ProjectConfigurationPlatforms) = postSolution
		{102EF27C-1DBD-43FA-A603-2D7781BDC2F2}.Debug|Any CPU.ActiveCfg = Debug|Any CPU
		{102EF27C-1DBD-43FA-A603-2D7781BDC2F2}.Debug|Any CPU.Build.0 = Debug|Any CPU
		{102EF27C-1DBD-43FA-A603-2D7781BDC2F2}.Release|Any CPU.ActiveCfg = Release|Any CPU
		{102EF27C-1DBD-43FA-A603-2D7781BDC2F2}.Release|Any CPU.Build.0 = Release|Any CPU
		{24F6FC4C-FE38-4FFE-9B96-EC8D1B28B7EC}.Debug|Any CPU.ActiveCfg = Debug|Any CPU
		{24F6FC4C-FE38-4FFE-9B96-EC8D1B28B7EC}.Debug|Any CPU.Build.0 = Debug|Any CPU
		{24F6FC4C-FE38-4FFE-9B96-EC8D1B28B7EC}.Release|Any CPU.ActiveCfg = Release|Any CPU
		{24F6FC4C-FE38-4FFE-9B96-EC8D1B28B7EC}.Release|Any CPU.Build.0 = Release|Any CPU
		{FC53779C-3E09-4ADC-8B13-ADAAC5CECC92}.Debug|Any CPU.ActiveCfg = Debug|Any CPU
		{FC53779C-3E09-4ADC-8B13-ADAAC5CECC92}.Debug|Any CPU.Build.0 = Debug|Any CPU
		{FC53779C-3E09-4ADC-8B13-ADAAC5CECC92}.Release|Any CPU.ActiveCfg = Release|Any CPU
		{FC53779C-3E09-4ADC-8B13-ADAAC5CECC92}.Release|Any CPU.Build.0 = Release|Any CPU
		{219ADAB6-CD3A-4ABA-B92E-F9C42076237F}.Debug|Any CPU.ActiveCfg = Debug|Any CPU
		{219ADAB6-CD3A-4ABA-B92E-F9C42076237F}.Debug|Any CPU.Build.0 = Debug|Any CPU
		{219ADAB6-CD3A-4ABA-B92E-F9C42076237F}.Release|Any CPU.ActiveCfg = Release|Any CPU
		{219ADAB6-CD3A-4ABA-B92E-F9C42076237F}.Release|Any CPU.Build.0 = Release|Any CPU
		{6799C4C0-01AE-4509-BB80-10FC420648A6}.Debug|Any CPU.ActiveCfg = Debug|Any CPU
		{6799C4C0-01AE-4509-BB80-10FC420648A6}.Debug|Any CPU.Build.0 = Debug|Any CPU
		{6799C4C0-01AE-4509-BB80-10FC420648A6}.Release|Any CPU.ActiveCfg = Release|Any CPU
		{6799C4C0-01AE-4509-BB80-10FC420648A6}.Release|Any CPU.Build.0 = Release|Any CPU
		{9687C6E5-E33B-4BAD-A7B5-1136697AAC59}.Debug|Any CPU.ActiveCfg = Debug|Any CPU
		{9687C6E5-E33B-4BAD-A7B5-1136697AAC59}.Debug|Any CPU.Build.0 = Debug|Any CPU
		{9687C6E5-E33B-4BAD-A7B5-1136697AAC59}.Release|Any CPU.ActiveCfg = Release|Any CPU
		{9687C6E5-E33B-4BAD-A7B5-1136697AAC59}.Release|Any CPU.Build.0 = Release|Any CPU
		{00DF9F80-17DD-4604-9BA8-45DDE374DA4B}.Debug|Any CPU.ActiveCfg = Debug|Any CPU
		{00DF9F80-17DD-4604-9BA8-45DDE374DA4B}.Debug|Any CPU.Build.0 = Debug|Any CPU
		{00DF9F80-17DD-4604-9BA8-45DDE374DA4B}.Release|Any CPU.ActiveCfg = Release|Any CPU
		{00DF9F80-17DD-4604-9BA8-45DDE374DA4B}.Release|Any CPU.Build.0 = Release|Any CPU
		{96A43CC9-EC0E-4D8D-B738-0B96AA9823BF}.Debug|Any CPU.ActiveCfg = Debug|Any CPU
		{96A43CC9-EC0E-4D8D-B738-0B96AA9823BF}.Debug|Any CPU.Build.0 = Debug|Any CPU
		{96A43CC9-EC0E-4D8D-B738-0B96AA9823BF}.Release|Any CPU.ActiveCfg = Release|Any CPU
		{96A43CC9-EC0E-4D8D-B738-0B96AA9823BF}.Release|Any CPU.Build.0 = Release|Any CPU
		{DAC7CD24-DE55-433C-A409-5B71285A2566}.Debug|Any CPU.ActiveCfg = Debug|Any CPU
		{DAC7CD24-DE55-433C-A409-5B71285A2566}.Debug|Any CPU.Build.0 = Debug|Any CPU
		{DAC7CD24-DE55-433C-A409-5B71285A2566}.Release|Any CPU.ActiveCfg = Release|Any CPU
		{DAC7CD24-DE55-433C-A409-5B71285A2566}.Release|Any CPU.Build.0 = Release|Any CPU
		{236401DD-BCFD-41F7-B6A6-31D1ED056CF1}.Debug|Any CPU.ActiveCfg = Debug|Any CPU
		{236401DD-BCFD-41F7-B6A6-31D1ED056CF1}.Debug|Any CPU.Build.0 = Debug|Any CPU
		{236401DD-BCFD-41F7-B6A6-31D1ED056CF1}.Release|Any CPU.ActiveCfg = Release|Any CPU
		{236401DD-BCFD-41F7-B6A6-31D1ED056CF1}.Release|Any CPU.Build.0 = Release|Any CPU
		{4551A5C7-D3AC-4A47-A902-EB0471D7E56A}.Debug|Any CPU.ActiveCfg = Debug|Any CPU
		{4551A5C7-D3AC-4A47-A902-EB0471D7E56A}.Debug|Any CPU.Build.0 = Debug|Any CPU
		{4551A5C7-D3AC-4A47-A902-EB0471D7E56A}.Release|Any CPU.ActiveCfg = Release|Any CPU
		{4551A5C7-D3AC-4A47-A902-EB0471D7E56A}.Release|Any CPU.Build.0 = Release|Any CPU
		{80095A91-A357-472C-9A3E-465E07C548AF}.Debug|Any CPU.ActiveCfg = Debug|Any CPU
		{80095A91-A357-472C-9A3E-465E07C548AF}.Debug|Any CPU.Build.0 = Debug|Any CPU
		{80095A91-A357-472C-9A3E-465E07C548AF}.Release|Any CPU.ActiveCfg = Release|Any CPU
		{80095A91-A357-472C-9A3E-465E07C548AF}.Release|Any CPU.Build.0 = Release|Any CPU
		{68055461-9F0A-44A1-BACF-7B657325F4D4}.Debug|Any CPU.ActiveCfg = Debug|Any CPU
		{68055461-9F0A-44A1-BACF-7B657325F4D4}.Debug|Any CPU.Build.0 = Debug|Any CPU
		{68055461-9F0A-44A1-BACF-7B657325F4D4}.Release|Any CPU.ActiveCfg = Release|Any CPU
		{68055461-9F0A-44A1-BACF-7B657325F4D4}.Release|Any CPU.Build.0 = Release|Any CPU
		{2870ADD3-0B72-4162-BC00-B80880F4D7AA}.Debug|Any CPU.ActiveCfg = Debug|Any CPU
		{2870ADD3-0B72-4162-BC00-B80880F4D7AA}.Debug|Any CPU.Build.0 = Debug|Any CPU
		{2870ADD3-0B72-4162-BC00-B80880F4D7AA}.Release|Any CPU.ActiveCfg = Release|Any CPU
		{2870ADD3-0B72-4162-BC00-B80880F4D7AA}.Release|Any CPU.Build.0 = Release|Any CPU
		{5F0C3F7E-9415-45A6-9FDA-8DF2F392FD66}.Debug|Any CPU.ActiveCfg = Debug|Any CPU
		{5F0C3F7E-9415-45A6-9FDA-8DF2F392FD66}.Debug|Any CPU.Build.0 = Debug|Any CPU
		{5F0C3F7E-9415-45A6-9FDA-8DF2F392FD66}.Release|Any CPU.ActiveCfg = Release|Any CPU
		{5F0C3F7E-9415-45A6-9FDA-8DF2F392FD66}.Release|Any CPU.Build.0 = Release|Any CPU
		{9D3D5C11-9CD1-4DBB-8D9A-D01E67FE9DA7}.Debug|Any CPU.ActiveCfg = Debug|Any CPU
		{9D3D5C11-9CD1-4DBB-8D9A-D01E67FE9DA7}.Debug|Any CPU.Build.0 = Debug|Any CPU
		{9D3D5C11-9CD1-4DBB-8D9A-D01E67FE9DA7}.Release|Any CPU.ActiveCfg = Release|Any CPU
		{9D3D5C11-9CD1-4DBB-8D9A-D01E67FE9DA7}.Release|Any CPU.Build.0 = Release|Any CPU
		{B17FC92C-13E2-4CC4-823D-B853D9493230}.Debug|Any CPU.ActiveCfg = Debug|Any CPU
		{B17FC92C-13E2-4CC4-823D-B853D9493230}.Debug|Any CPU.Build.0 = Debug|Any CPU
		{B17FC92C-13E2-4CC4-823D-B853D9493230}.Release|Any CPU.ActiveCfg = Release|Any CPU
		{B17FC92C-13E2-4CC4-823D-B853D9493230}.Release|Any CPU.Build.0 = Release|Any CPU
		{A2D05178-6B5C-4A4D-BEE8-03694B86AAAA}.Debug|Any CPU.ActiveCfg = Debug|Any CPU
		{A2D05178-6B5C-4A4D-BEE8-03694B86AAAA}.Debug|Any CPU.Build.0 = Debug|Any CPU
		{A2D05178-6B5C-4A4D-BEE8-03694B86AAAA}.Release|Any CPU.ActiveCfg = Release|Any CPU
		{A2D05178-6B5C-4A4D-BEE8-03694B86AAAA}.Release|Any CPU.Build.0 = Release|Any CPU
	EndGlobalSection
	GlobalSection(SolutionProperties) = preSolution
		HideSolutionNode = FALSE
	EndGlobalSection
	GlobalSection(NestedProjects) = preSolution
		{F50105F6-CE0E-42E8-B7F3-C96917147AC9} = {3A49C666-80F0-4C73-96A6-9843E6CD0792}
		{3FBC024C-5767-4A6B-909C-B53C3295E4F8} = {3A49C666-80F0-4C73-96A6-9843E6CD0792}
		{96070582-E414-453E-84E4-9E5FBC8794D8} = {3A49C666-80F0-4C73-96A6-9843E6CD0792}
		{7509A806-9C92-48E1-9EA3-2386B07FEAE6} = {3A49C666-80F0-4C73-96A6-9843E6CD0792}
		{D0C9B6B3-40A5-4E4A-9682-757C3C6AD664} = {3A49C666-80F0-4C73-96A6-9843E6CD0792}
		{C16A85D9-2CB6-4F61-B4E6-AA041BBA5041} = {3A49C666-80F0-4C73-96A6-9843E6CD0792}
		{102EF27C-1DBD-43FA-A603-2D7781BDC2F2} = {7509A806-9C92-48E1-9EA3-2386B07FEAE6}
		{24F6FC4C-FE38-4FFE-9B96-EC8D1B28B7EC} = {3FBC024C-5767-4A6B-909C-B53C3295E4F8}
		{FC53779C-3E09-4ADC-8B13-ADAAC5CECC92} = {96070582-E414-453E-84E4-9E5FBC8794D8}
		{219ADAB6-CD3A-4ABA-B92E-F9C42076237F} = {96070582-E414-453E-84E4-9E5FBC8794D8}
		{6799C4C0-01AE-4509-BB80-10FC420648A6} = {96070582-E414-453E-84E4-9E5FBC8794D8}
		{9687C6E5-E33B-4BAD-A7B5-1136697AAC59} = {D0C9B6B3-40A5-4E4A-9682-757C3C6AD664}
		{00DF9F80-17DD-4604-9BA8-45DDE374DA4B} = {D0C9B6B3-40A5-4E4A-9682-757C3C6AD664}
		{96A43CC9-EC0E-4D8D-B738-0B96AA9823BF} = {D0C9B6B3-40A5-4E4A-9682-757C3C6AD664}
		{DAC7CD24-DE55-433C-A409-5B71285A2566} = {F50105F6-CE0E-42E8-B7F3-C96917147AC9}
		{236401DD-BCFD-41F7-B6A6-31D1ED056CF1} = {F50105F6-CE0E-42E8-B7F3-C96917147AC9}
		{4551A5C7-D3AC-4A47-A902-EB0471D7E56A} = {F50105F6-CE0E-42E8-B7F3-C96917147AC9}
		{80095A91-A357-472C-9A3E-465E07C548AF} = {F50105F6-CE0E-42E8-B7F3-C96917147AC9}
		{68055461-9F0A-44A1-BACF-7B657325F4D4} = {C16A85D9-2CB6-4F61-B4E6-AA041BBA5041}
		{2870ADD3-0B72-4162-BC00-B80880F4D7AA} = {C280772E-A576-4AD7-9B6D-C7E5A90C5FE8}
		{FD76516F-B4BE-4CE2-B5FA-2434495DE402} = {DF2B738A-7BD8-43CE-96C9-66936B0FC645}
		{5F0C3F7E-9415-45A6-9FDA-8DF2F392FD66} = {FD76516F-B4BE-4CE2-B5FA-2434495DE402}
		{DAEB4016-B4D6-4775-8411-F4BC8A433DAC} = {DF2B738A-7BD8-43CE-96C9-66936B0FC645}
		{9D3D5C11-9CD1-4DBB-8D9A-D01E67FE9DA7} = {DAEB4016-B4D6-4775-8411-F4BC8A433DAC}
		{B17FC92C-13E2-4CC4-823D-B853D9493230} = {DAEB4016-B4D6-4775-8411-F4BC8A433DAC}
		{6982AD62-1F9F-43C7-A464-C2F1C5207E56} = {DF2B738A-7BD8-43CE-96C9-66936B0FC645}
		{A2D05178-6B5C-4A4D-BEE8-03694B86AAAA} = {6982AD62-1F9F-43C7-A464-C2F1C5207E56}
	EndGlobalSection
	GlobalSection(ExtensibilityGlobals) = postSolution
		SolutionGuid = {311A46E2-E8EF-4DF1-BE5D-84959E07981C}
	EndGlobalSection
EndGlobal
