
Microsoft Visual Studio Solution File, Format Version 12.00
# Visual Studio Version 17
VisualStudioVersion = 17.8.34330.188
MinimumVisualStudioVersion = 10.0.40219.1
Project("{2150E333-8FDC-42A3-9474-1A3956D46DE8}") = "Microservices", "Microservices", "{3A49C666-80F0-4C73-96A6-9843E6CD0792}"
EndProject
Project("{2150E333-8FDC-42A3-9474-1A3956D46DE8}") = "Template", "Template", "{F50105F6-CE0E-42E8-B7F3-C96917147AC9}"
EndProject
Project("{9A19103F-16F7-4668-BE54-9A1E7A4F7556}") = "Template.Domain", "Template.Domain\Template.Domain.csproj", "{268FBC94-FB9A-4F8F-B7D0-B98E0FA54FE2}"
EndProject
Project("{2150E333-8FDC-42A3-9474-1A3956D46DE8}") = "Html", "Html", "{3FBC024C-5767-4A6B-909C-B53C3295E4F8}"
EndProject
Project("{9A19103F-16F7-4668-BE54-9A1E7A4F7556}") = "Html.Domain", "Html.Domain\Html.Domain.csproj", "{76E913CE-62BF-4C8B-A543-62F6379E8CDC}"
EndProject
Project("{9A19103F-16F7-4668-BE54-9A1E7A4F7556}") = "PdfFile.Domain", "PdfFile.Domain\PdfFile.Domain.csproj", "{1EE982C2-8FD1-46F7-AF94-40E4BAA429A6}"
EndProject
Project("{2150E333-8FDC-42A3-9474-1A3956D46DE8}") = "PdfFile", "PdfFile", "{96070582-E414-453E-84E4-9E5FBC8794D8}"
EndProject
Project("{2150E333-8FDC-42A3-9474-1A3956D46DE8}") = "Data", "Data", "{7509A806-9C92-48E1-9EA3-2386B07FEAE6}"
EndProject
Project("{9A19103F-16F7-4668-BE54-9A1E7A4F7556}") = "Data.Domain", "Data.Domain\Data.Domain.csproj", "{BDB25BD5-4DD6-4932-BEF0-65C900625103}"
EndProject
Project("{2150E333-8FDC-42A3-9474-1A3956D46DE8}") = "Request", "Request", "{D0C9B6B3-40A5-4E4A-9682-757C3C6AD664}"
EndProject
Project("{9A19103F-16F7-4668-BE54-9A1E7A4F7556}") = "Request.Domain", "Request.Domain\Request.Domain.csproj", "{14FB9137-54F0-4FF4-B1EC-1D4C4AAEEA8E}"
EndProject
Project("{9A19103F-16F7-4668-BE54-9A1E7A4F7556}") = "PdfFile.Infrastracture", "PdfFile.Infrastracture\PdfFile.Infrastracture.csproj", "{EEAED28F-DDB1-4BED-8C68-F38F17810164}"
EndProject
Project("{9A19103F-16F7-4668-BE54-9A1E7A4F7556}") = "Template.Infrastracture", "Template.Infrastracture\Template.Infrastracture.csproj", "{9C8B3AF5-018C-49A5-9060-4B7AE1131EDD}"
EndProject
Project("{2150E333-8FDC-42A3-9474-1A3956D46DE8}") = "Apps", "Apps", "{DF2B738A-7BD8-43CE-96C9-66936B0FC645}"
EndProject
Project("{9A19103F-16F7-4668-BE54-9A1E7A4F7556}") = "PdfFile.Application", "PdfFile.Application\PdfFile.Application.csproj", "{98589CB1-6119-439C-8F91-3B7187B5E9FE}"
EndProject
Project("{2150E333-8FDC-42A3-9474-1A3956D46DE8}") = "Tools", "Tools", "{C280772E-A576-4AD7-9B6D-C7E5A90C5FE8}"
EndProject
Project("{9A19103F-16F7-4668-BE54-9A1E7A4F7556}") = "PdfGenerator.Internal.API", "PdfGenerator.Internal.API\PdfGenerator.Internal.API.csproj", "{DAF09A12-58B3-4878-90C9-DD8D22B6A41A}"
EndProject
Project("{9A19103F-16F7-4668-BE54-9A1E7A4F7556}") = "Dapper.Lib", "Dapper.Lib\Dapper.Lib.csproj", "{045A70D1-141C-42B8-B558-ECD46D1F1FC2}"
EndProject
Project("{9A19103F-16F7-4668-BE54-9A1E7A4F7556}") = "Request.Infrastracture", "Request.Infrastracture\Request.Infrastracture.csproj", "{EB863B6F-A25F-404C-B561-EC2DA1C846F2}"
EndProject
Project("{FAE04EC0-301F-11D3-BF4B-00C04F79EFBC}") = "Request.Application", "Request.Application\Request.Application.csproj", "{1B756FCC-62CA-4C57-84E8-344D0B502EFE}"
EndProject
Project("{2150E333-8FDC-42A3-9474-1A3956D46DE8}") = "User", "User", "{C16A85D9-2CB6-4F61-B4E6-AA041BBA5041}"
EndProject
Project("{9A19103F-16F7-4668-BE54-9A1E7A4F7556}") = "Template.Infrastracture.Tests", "Template.Infrastracture.Tests\Template.Infrastracture.Tests.csproj", "{7FA012F0-B026-45FA-AE77-B36766E99A9F}"
EndProject
Project("{2150E333-8FDC-42A3-9474-1A3956D46DE8}") = "PdfGenerator.Client", "PdfGenerator.Client", "{6235BE9F-B059-4E30-B217-5657DC4FD28D}"
EndProject
Project("{FAE04EC0-301F-11D3-BF4B-00C04F79EFBC}") = "PdfGenerator.Client.Application", "Apps\PdfGenerator.Client\PdfGenerator.Client.Application\PdfGenerator.Client.Application.csproj", "{E4623235-0E20-44BD-9F4C-657E289A5834}"
EndProject
Project("{9A19103F-16F7-4668-BE54-9A1E7A4F7556}") = "User.Domain", "Microservices\User\User.Domain\User.Domain.csproj", "{FAA6CA3B-0CE5-4EE2-BD84-33626005E961}"
EndProject
Global
	GlobalSection(SolutionConfigurationPlatforms) = preSolution
		Debug|Any CPU = Debug|Any CPU
		Release|Any CPU = Release|Any CPU
	EndGlobalSection
	GlobalSection(ProjectConfigurationPlatforms) = postSolution
		{268FBC94-FB9A-4F8F-B7D0-B98E0FA54FE2}.Debug|Any CPU.ActiveCfg = Debug|Any CPU
		{268FBC94-FB9A-4F8F-B7D0-B98E0FA54FE2}.Debug|Any CPU.Build.0 = Debug|Any CPU
		{268FBC94-FB9A-4F8F-B7D0-B98E0FA54FE2}.Release|Any CPU.ActiveCfg = Release|Any CPU
		{268FBC94-FB9A-4F8F-B7D0-B98E0FA54FE2}.Release|Any CPU.Build.0 = Release|Any CPU
		{76E913CE-62BF-4C8B-A543-62F6379E8CDC}.Debug|Any CPU.ActiveCfg = Debug|Any CPU
		{76E913CE-62BF-4C8B-A543-62F6379E8CDC}.Debug|Any CPU.Build.0 = Debug|Any CPU
		{76E913CE-62BF-4C8B-A543-62F6379E8CDC}.Release|Any CPU.ActiveCfg = Release|Any CPU
		{76E913CE-62BF-4C8B-A543-62F6379E8CDC}.Release|Any CPU.Build.0 = Release|Any CPU
		{1EE982C2-8FD1-46F7-AF94-40E4BAA429A6}.Debug|Any CPU.ActiveCfg = Debug|Any CPU
		{1EE982C2-8FD1-46F7-AF94-40E4BAA429A6}.Debug|Any CPU.Build.0 = Debug|Any CPU
		{1EE982C2-8FD1-46F7-AF94-40E4BAA429A6}.Release|Any CPU.ActiveCfg = Release|Any CPU
		{1EE982C2-8FD1-46F7-AF94-40E4BAA429A6}.Release|Any CPU.Build.0 = Release|Any CPU
		{BDB25BD5-4DD6-4932-BEF0-65C900625103}.Debug|Any CPU.ActiveCfg = Debug|Any CPU
		{BDB25BD5-4DD6-4932-BEF0-65C900625103}.Debug|Any CPU.Build.0 = Debug|Any CPU
		{BDB25BD5-4DD6-4932-BEF0-65C900625103}.Release|Any CPU.ActiveCfg = Release|Any CPU
		{BDB25BD5-4DD6-4932-BEF0-65C900625103}.Release|Any CPU.Build.0 = Release|Any CPU
		{14FB9137-54F0-4FF4-B1EC-1D4C4AAEEA8E}.Debug|Any CPU.ActiveCfg = Debug|Any CPU
		{14FB9137-54F0-4FF4-B1EC-1D4C4AAEEA8E}.Debug|Any CPU.Build.0 = Debug|Any CPU
		{14FB9137-54F0-4FF4-B1EC-1D4C4AAEEA8E}.Release|Any CPU.ActiveCfg = Release|Any CPU
		{14FB9137-54F0-4FF4-B1EC-1D4C4AAEEA8E}.Release|Any CPU.Build.0 = Release|Any CPU
		{EEAED28F-DDB1-4BED-8C68-F38F17810164}.Debug|Any CPU.ActiveCfg = Debug|Any CPU
		{EEAED28F-DDB1-4BED-8C68-F38F17810164}.Debug|Any CPU.Build.0 = Debug|Any CPU
		{EEAED28F-DDB1-4BED-8C68-F38F17810164}.Release|Any CPU.ActiveCfg = Release|Any CPU
		{EEAED28F-DDB1-4BED-8C68-F38F17810164}.Release|Any CPU.Build.0 = Release|Any CPU
		{9C8B3AF5-018C-49A5-9060-4B7AE1131EDD}.Debug|Any CPU.ActiveCfg = Debug|Any CPU
		{9C8B3AF5-018C-49A5-9060-4B7AE1131EDD}.Debug|Any CPU.Build.0 = Debug|Any CPU
		{9C8B3AF5-018C-49A5-9060-4B7AE1131EDD}.Release|Any CPU.ActiveCfg = Release|Any CPU
		{9C8B3AF5-018C-49A5-9060-4B7AE1131EDD}.Release|Any CPU.Build.0 = Release|Any CPU
		{98589CB1-6119-439C-8F91-3B7187B5E9FE}.Debug|Any CPU.ActiveCfg = Debug|Any CPU
		{98589CB1-6119-439C-8F91-3B7187B5E9FE}.Debug|Any CPU.Build.0 = Debug|Any CPU
		{98589CB1-6119-439C-8F91-3B7187B5E9FE}.Release|Any CPU.ActiveCfg = Release|Any CPU
		{98589CB1-6119-439C-8F91-3B7187B5E9FE}.Release|Any CPU.Build.0 = Release|Any CPU
		{DAF09A12-58B3-4878-90C9-DD8D22B6A41A}.Debug|Any CPU.ActiveCfg = Debug|Any CPU
		{DAF09A12-58B3-4878-90C9-DD8D22B6A41A}.Debug|Any CPU.Build.0 = Debug|Any CPU
		{DAF09A12-58B3-4878-90C9-DD8D22B6A41A}.Release|Any CPU.ActiveCfg = Release|Any CPU
		{DAF09A12-58B3-4878-90C9-DD8D22B6A41A}.Release|Any CPU.Build.0 = Release|Any CPU
		{045A70D1-141C-42B8-B558-ECD46D1F1FC2}.Debug|Any CPU.ActiveCfg = Debug|Any CPU
		{045A70D1-141C-42B8-B558-ECD46D1F1FC2}.Debug|Any CPU.Build.0 = Debug|Any CPU
		{045A70D1-141C-42B8-B558-ECD46D1F1FC2}.Release|Any CPU.ActiveCfg = Release|Any CPU
		{045A70D1-141C-42B8-B558-ECD46D1F1FC2}.Release|Any CPU.Build.0 = Release|Any CPU
		{EB863B6F-A25F-404C-B561-EC2DA1C846F2}.Debug|Any CPU.ActiveCfg = Debug|Any CPU
		{EB863B6F-A25F-404C-B561-EC2DA1C846F2}.Debug|Any CPU.Build.0 = Debug|Any CPU
		{EB863B6F-A25F-404C-B561-EC2DA1C846F2}.Release|Any CPU.ActiveCfg = Release|Any CPU
		{EB863B6F-A25F-404C-B561-EC2DA1C846F2}.Release|Any CPU.Build.0 = Release|Any CPU
		{1B756FCC-62CA-4C57-84E8-344D0B502EFE}.Debug|Any CPU.ActiveCfg = Debug|Any CPU
		{1B756FCC-62CA-4C57-84E8-344D0B502EFE}.Debug|Any CPU.Build.0 = Debug|Any CPU
		{1B756FCC-62CA-4C57-84E8-344D0B502EFE}.Release|Any CPU.ActiveCfg = Release|Any CPU
		{1B756FCC-62CA-4C57-84E8-344D0B502EFE}.Release|Any CPU.Build.0 = Release|Any CPU
		{7FA012F0-B026-45FA-AE77-B36766E99A9F}.Debug|Any CPU.ActiveCfg = Debug|Any CPU
		{7FA012F0-B026-45FA-AE77-B36766E99A9F}.Debug|Any CPU.Build.0 = Debug|Any CPU
		{7FA012F0-B026-45FA-AE77-B36766E99A9F}.Release|Any CPU.ActiveCfg = Release|Any CPU
		{7FA012F0-B026-45FA-AE77-B36766E99A9F}.Release|Any CPU.Build.0 = Release|Any CPU
		{E4623235-0E20-44BD-9F4C-657E289A5834}.Debug|Any CPU.ActiveCfg = Debug|Any CPU
		{E4623235-0E20-44BD-9F4C-657E289A5834}.Debug|Any CPU.Build.0 = Debug|Any CPU
		{E4623235-0E20-44BD-9F4C-657E289A5834}.Release|Any CPU.ActiveCfg = Release|Any CPU
		{E4623235-0E20-44BD-9F4C-657E289A5834}.Release|Any CPU.Build.0 = Release|Any CPU
		{FAA6CA3B-0CE5-4EE2-BD84-33626005E961}.Debug|Any CPU.ActiveCfg = Debug|Any CPU
		{FAA6CA3B-0CE5-4EE2-BD84-33626005E961}.Debug|Any CPU.Build.0 = Debug|Any CPU
		{FAA6CA3B-0CE5-4EE2-BD84-33626005E961}.Release|Any CPU.ActiveCfg = Release|Any CPU
		{FAA6CA3B-0CE5-4EE2-BD84-33626005E961}.Release|Any CPU.Build.0 = Release|Any CPU
	EndGlobalSection
	GlobalSection(SolutionProperties) = preSolution
		HideSolutionNode = FALSE
	EndGlobalSection
	GlobalSection(NestedProjects) = preSolution
		{F50105F6-CE0E-42E8-B7F3-C96917147AC9} = {3A49C666-80F0-4C73-96A6-9843E6CD0792}
		{268FBC94-FB9A-4F8F-B7D0-B98E0FA54FE2} = {F50105F6-CE0E-42E8-B7F3-C96917147AC9}
		{3FBC024C-5767-4A6B-909C-B53C3295E4F8} = {3A49C666-80F0-4C73-96A6-9843E6CD0792}
		{76E913CE-62BF-4C8B-A543-62F6379E8CDC} = {3FBC024C-5767-4A6B-909C-B53C3295E4F8}
		{1EE982C2-8FD1-46F7-AF94-40E4BAA429A6} = {96070582-E414-453E-84E4-9E5FBC8794D8}
		{96070582-E414-453E-84E4-9E5FBC8794D8} = {3A49C666-80F0-4C73-96A6-9843E6CD0792}
		{7509A806-9C92-48E1-9EA3-2386B07FEAE6} = {3A49C666-80F0-4C73-96A6-9843E6CD0792}
		{BDB25BD5-4DD6-4932-BEF0-65C900625103} = {7509A806-9C92-48E1-9EA3-2386B07FEAE6}
		{D0C9B6B3-40A5-4E4A-9682-757C3C6AD664} = {3A49C666-80F0-4C73-96A6-9843E6CD0792}
		{14FB9137-54F0-4FF4-B1EC-1D4C4AAEEA8E} = {D0C9B6B3-40A5-4E4A-9682-757C3C6AD664}
		{EEAED28F-DDB1-4BED-8C68-F38F17810164} = {96070582-E414-453E-84E4-9E5FBC8794D8}
		{9C8B3AF5-018C-49A5-9060-4B7AE1131EDD} = {F50105F6-CE0E-42E8-B7F3-C96917147AC9}
		{98589CB1-6119-439C-8F91-3B7187B5E9FE} = {96070582-E414-453E-84E4-9E5FBC8794D8}
		{DAF09A12-58B3-4878-90C9-DD8D22B6A41A} = {DF2B738A-7BD8-43CE-96C9-66936B0FC645}
		{045A70D1-141C-42B8-B558-ECD46D1F1FC2} = {C280772E-A576-4AD7-9B6D-C7E5A90C5FE8}
		{EB863B6F-A25F-404C-B561-EC2DA1C846F2} = {D0C9B6B3-40A5-4E4A-9682-757C3C6AD664}
		{1B756FCC-62CA-4C57-84E8-344D0B502EFE} = {D0C9B6B3-40A5-4E4A-9682-757C3C6AD664}
		{C16A85D9-2CB6-4F61-B4E6-AA041BBA5041} = {3A49C666-80F0-4C73-96A6-9843E6CD0792}
		{7FA012F0-B026-45FA-AE77-B36766E99A9F} = {F50105F6-CE0E-42E8-B7F3-C96917147AC9}
		{6235BE9F-B059-4E30-B217-5657DC4FD28D} = {DF2B738A-7BD8-43CE-96C9-66936B0FC645}
		{E4623235-0E20-44BD-9F4C-657E289A5834} = {6235BE9F-B059-4E30-B217-5657DC4FD28D}
		{FAA6CA3B-0CE5-4EE2-BD84-33626005E961} = {C16A85D9-2CB6-4F61-B4E6-AA041BBA5041}
	EndGlobalSection
	GlobalSection(ExtensibilityGlobals) = postSolution
		SolutionGuid = {311A46E2-E8EF-4DF1-BE5D-84959E07981C}
	EndGlobalSection
EndGlobal
